
Microsoft Visual Studio Solution File, Format Version 12.00
# Visual Studio 2013
VisualStudioVersion = 12.0.31101.0
MinimumVisualStudioVersion = 10.0.40219.1
Project("{FAE04EC0-301F-11D3-BF4B-00C04F79EFBC}") = "Core", "Core\Core.csproj", "{F6F171AA-FE2D-4919-9A24-B84B2590C44C}"
EndProject
Project("{2150E333-8FDC-42A3-9474-1A3956D46DE8}") = "1. Application", "1. Application", "{26E43318-12B3-4DA3-9C1F-20340E53EE9D}"
EndProject
Project("{2150E333-8FDC-42A3-9474-1A3956D46DE8}") = "2. Domain", "2. Domain", "{BB5C2B6C-D688-4101-A091-E2224D213083}"
EndProject
Project("{2150E333-8FDC-42A3-9474-1A3956D46DE8}") = "3. Infrastructure", "3. Infrastructure", "{F2E219D3-D71F-485A-BEEB-F1B12E3E50D1}"
EndProject
Project("{2150E333-8FDC-42A3-9474-1A3956D46DE8}") = "Crosscutting", "Crosscutting", "{79481F37-568A-4C4C-9B45-BFA04B14657C}"
EndProject
Project("{2150E333-8FDC-42A3-9474-1A3956D46DE8}") = "Data", "Data", "{5B103394-7FC1-44F1-AB3D-CE7506BD6579}"
EndProject
Project("{FAE04EC0-301F-11D3-BF4B-00C04F79EFBC}") = "Domain", "Domain\Domain.csproj", "{9FB0A8AA-2471-4399-AF37-B8F411E8F819}"
EndProject
Project("{FAE04EC0-301F-11D3-BF4B-00C04F79EFBC}") = "Crosscutting", "Infrastructure\Crosscutting\Crosscutting\Crosscutting.csproj", "{8F5C76B8-5B44-4098-9F1D-7C6B7587EF0E}"
EndProject
Project("{FAE04EC0-301F-11D3-BF4B-00C04F79EFBC}") = "Communication", "Infrastructure\Crosscutting\Communication\Communication.csproj", "{E3198B9E-0DC9-4F26-8F2F-107CDFB817AA}"
EndProject
Project("{FAE04EC0-301F-11D3-BF4B-00C04F79EFBC}") = "Authorization", "Infrastructure\Crosscutting\Authorization\Authorization.csproj", "{EC52BF83-5C55-4EEC-AF7D-C375C06950BD}"
EndProject
Project("{FAE04EC0-301F-11D3-BF4B-00C04F79EFBC}") = "Data", "Infrastructure\Data\Data\Data.csproj", "{35F54BD7-B8F4-4806-8ED7-22EC903CA598}"
EndProject
Project("{FAE04EC0-301F-11D3-BF4B-00C04F79EFBC}") = "Data.NHibernate", "Infrastructure\Data\Data.NHibernate\Data.NHibernate.csproj", "{C6837E07-DA62-4C60-9225-41479A0EB93D}"
EndProject
Project("{FAE04EC0-301F-11D3-BF4B-00C04F79EFBC}") = "Application", "Application\Application.csproj", "{30A8D296-510C-49A5-BE92-E6776E6FD817}"
EndProject
Project("{2150E333-8FDC-42A3-9474-1A3956D46DE8}") = "Solution Items", "Solution Items", "{C39BD719-839A-4940-AB46-E3E8106D78D9}"
	ProjectSection(SolutionItems) = preProject
		README.md = README.md
	EndProjectSection
EndProject
Project("{FAE04EC0-301F-11D3-BF4B-00C04F79EFBC}") = "Configuration.Social", "Configuration.Social\Configuration.Social.csproj", "{DBEA1CE7-D5E9-4ECB-A52D-11BB9B225D51}"
EndProject
Global
	GlobalSection(SolutionConfigurationPlatforms) = preSolution
		Azure|Any CPU = Azure|Any CPU
		Debug|Any CPU = Debug|Any CPU
		Release|Any CPU = Release|Any CPU
	EndGlobalSection
	GlobalSection(ProjectConfigurationPlatforms) = postSolution
		{F6F171AA-FE2D-4919-9A24-B84B2590C44C}.Azure|Any CPU.ActiveCfg = Release|Any CPU
		{F6F171AA-FE2D-4919-9A24-B84B2590C44C}.Azure|Any CPU.Build.0 = Release|Any CPU
		{F6F171AA-FE2D-4919-9A24-B84B2590C44C}.Debug|Any CPU.ActiveCfg = Debug|Any CPU
		{F6F171AA-FE2D-4919-9A24-B84B2590C44C}.Debug|Any CPU.Build.0 = Debug|Any CPU
		{F6F171AA-FE2D-4919-9A24-B84B2590C44C}.Release|Any CPU.ActiveCfg = Release|Any CPU
		{F6F171AA-FE2D-4919-9A24-B84B2590C44C}.Release|Any CPU.Build.0 = Release|Any CPU
		{9FB0A8AA-2471-4399-AF37-B8F411E8F819}.Azure|Any CPU.ActiveCfg = Azure|Any CPU
		{9FB0A8AA-2471-4399-AF37-B8F411E8F819}.Azure|Any CPU.Build.0 = Azure|Any CPU
		{9FB0A8AA-2471-4399-AF37-B8F411E8F819}.Debug|Any CPU.ActiveCfg = Debug|Any CPU
		{9FB0A8AA-2471-4399-AF37-B8F411E8F819}.Debug|Any CPU.Build.0 = Debug|Any CPU
		{9FB0A8AA-2471-4399-AF37-B8F411E8F819}.Release|Any CPU.ActiveCfg = Release|Any CPU
		{9FB0A8AA-2471-4399-AF37-B8F411E8F819}.Release|Any CPU.Build.0 = Release|Any CPU
		{8F5C76B8-5B44-4098-9F1D-7C6B7587EF0E}.Azure|Any CPU.ActiveCfg = Azure|Any CPU
		{8F5C76B8-5B44-4098-9F1D-7C6B7587EF0E}.Azure|Any CPU.Build.0 = Azure|Any CPU
		{8F5C76B8-5B44-4098-9F1D-7C6B7587EF0E}.Debug|Any CPU.ActiveCfg = Debug|Any CPU
		{8F5C76B8-5B44-4098-9F1D-7C6B7587EF0E}.Debug|Any CPU.Build.0 = Debug|Any CPU
		{8F5C76B8-5B44-4098-9F1D-7C6B7587EF0E}.Release|Any CPU.ActiveCfg = Release|Any CPU
		{8F5C76B8-5B44-4098-9F1D-7C6B7587EF0E}.Release|Any CPU.Build.0 = Release|Any CPU
		{E3198B9E-0DC9-4F26-8F2F-107CDFB817AA}.Azure|Any CPU.ActiveCfg = Azure|Any CPU
		{E3198B9E-0DC9-4F26-8F2F-107CDFB817AA}.Azure|Any CPU.Build.0 = Azure|Any CPU
		{E3198B9E-0DC9-4F26-8F2F-107CDFB817AA}.Debug|Any CPU.ActiveCfg = Debug|Any CPU
		{E3198B9E-0DC9-4F26-8F2F-107CDFB817AA}.Debug|Any CPU.Build.0 = Debug|Any CPU
		{E3198B9E-0DC9-4F26-8F2F-107CDFB817AA}.Release|Any CPU.ActiveCfg = Release|Any CPU
		{E3198B9E-0DC9-4F26-8F2F-107CDFB817AA}.Release|Any CPU.Build.0 = Release|Any CPU
		{EC52BF83-5C55-4EEC-AF7D-C375C06950BD}.Azure|Any CPU.ActiveCfg = Release|Any CPU
		{EC52BF83-5C55-4EEC-AF7D-C375C06950BD}.Azure|Any CPU.Build.0 = Release|Any CPU
		{EC52BF83-5C55-4EEC-AF7D-C375C06950BD}.Debug|Any CPU.ActiveCfg = Debug|Any CPU
		{EC52BF83-5C55-4EEC-AF7D-C375C06950BD}.Debug|Any CPU.Build.0 = Debug|Any CPU
		{EC52BF83-5C55-4EEC-AF7D-C375C06950BD}.Release|Any CPU.ActiveCfg = Release|Any CPU
		{EC52BF83-5C55-4EEC-AF7D-C375C06950BD}.Release|Any CPU.Build.0 = Release|Any CPU
		{35F54BD7-B8F4-4806-8ED7-22EC903CA598}.Azure|Any CPU.ActiveCfg = Azure|Any CPU
		{35F54BD7-B8F4-4806-8ED7-22EC903CA598}.Azure|Any CPU.Build.0 = Azure|Any CPU
		{35F54BD7-B8F4-4806-8ED7-22EC903CA598}.Debug|Any CPU.ActiveCfg = Debug|Any CPU
		{35F54BD7-B8F4-4806-8ED7-22EC903CA598}.Debug|Any CPU.Build.0 = Debug|Any CPU
		{35F54BD7-B8F4-4806-8ED7-22EC903CA598}.Release|Any CPU.ActiveCfg = Release|Any CPU
		{35F54BD7-B8F4-4806-8ED7-22EC903CA598}.Release|Any CPU.Build.0 = Release|Any CPU
		{C6837E07-DA62-4C60-9225-41479A0EB93D}.Azure|Any CPU.ActiveCfg = Release|Any CPU
		{C6837E07-DA62-4C60-9225-41479A0EB93D}.Azure|Any CPU.Build.0 = Release|Any CPU
		{C6837E07-DA62-4C60-9225-41479A0EB93D}.Debug|Any CPU.ActiveCfg = Debug|Any CPU
		{C6837E07-DA62-4C60-9225-41479A0EB93D}.Debug|Any CPU.Build.0 = Debug|Any CPU
		{C6837E07-DA62-4C60-9225-41479A0EB93D}.Release|Any CPU.ActiveCfg = Release|Any CPU
		{C6837E07-DA62-4C60-9225-41479A0EB93D}.Release|Any CPU.Build.0 = Release|Any CPU
		{30A8D296-510C-49A5-BE92-E6776E6FD817}.Azure|Any CPU.ActiveCfg = Azure|Any CPU
		{30A8D296-510C-49A5-BE92-E6776E6FD817}.Azure|Any CPU.Build.0 = Azure|Any CPU
		{30A8D296-510C-49A5-BE92-E6776E6FD817}.Debug|Any CPU.ActiveCfg = Debug|Any CPU
		{30A8D296-510C-49A5-BE92-E6776E6FD817}.Debug|Any CPU.Build.0 = Debug|Any CPU
		{30A8D296-510C-49A5-BE92-E6776E6FD817}.Release|Any CPU.ActiveCfg = Release|Any CPU
		{30A8D296-510C-49A5-BE92-E6776E6FD817}.Release|Any CPU.Build.0 = Release|Any CPU
		{DBEA1CE7-D5E9-4ECB-A52D-11BB9B225D51}.Azure|Any CPU.ActiveCfg = Release|Any CPU
		{DBEA1CE7-D5E9-4ECB-A52D-11BB9B225D51}.Azure|Any CPU.Build.0 = Release|Any CPU
		{DBEA1CE7-D5E9-4ECB-A52D-11BB9B225D51}.Debug|Any CPU.ActiveCfg = Debug|Any CPU
		{DBEA1CE7-D5E9-4ECB-A52D-11BB9B225D51}.Debug|Any CPU.Build.0 = Debug|Any CPU
		{DBEA1CE7-D5E9-4ECB-A52D-11BB9B225D51}.Release|Any CPU.ActiveCfg = Release|Any CPU
		{DBEA1CE7-D5E9-4ECB-A52D-11BB9B225D51}.Release|Any CPU.Build.0 = Release|Any CPU
	EndGlobalSection
	GlobalSection(SolutionProperties) = preSolution
		HideSolutionNode = FALSE
	EndGlobalSection
	GlobalSection(NestedProjects) = preSolution
		{79481F37-568A-4C4C-9B45-BFA04B14657C} = {F2E219D3-D71F-485A-BEEB-F1B12E3E50D1}
		{5B103394-7FC1-44F1-AB3D-CE7506BD6579} = {F2E219D3-D71F-485A-BEEB-F1B12E3E50D1}
		{9FB0A8AA-2471-4399-AF37-B8F411E8F819} = {BB5C2B6C-D688-4101-A091-E2224D213083}
		{8F5C76B8-5B44-4098-9F1D-7C6B7587EF0E} = {79481F37-568A-4C4C-9B45-BFA04B14657C}
		{E3198B9E-0DC9-4F26-8F2F-107CDFB817AA} = {79481F37-568A-4C4C-9B45-BFA04B14657C}
		{EC52BF83-5C55-4EEC-AF7D-C375C06950BD} = {79481F37-568A-4C4C-9B45-BFA04B14657C}
		{35F54BD7-B8F4-4806-8ED7-22EC903CA598} = {5B103394-7FC1-44F1-AB3D-CE7506BD6579}
		{C6837E07-DA62-4C60-9225-41479A0EB93D} = {5B103394-7FC1-44F1-AB3D-CE7506BD6579}
		{30A8D296-510C-49A5-BE92-E6776E6FD817} = {26E43318-12B3-4DA3-9C1F-20340E53EE9D}
	EndGlobalSection
EndGlobal
